
Microsoft Visual Studio Solution File, Format Version 12.00
# Visual Studio Version 17
VisualStudioVersion = 17.9.34723.18
MinimumVisualStudioVersion = 10.0.40219.1
Project("{9A19103F-16F7-4668-BE54-9A1E7A4F7556}") = "STRMDotNetCore.ConsoleApp", "STRMDotNetCore.ConsoleApp\STRMDotNetCore.ConsoleApp.csproj", "{7DCD2E51-DF04-4EF4-A6FD-BB971EF31781}"
EndProject
Project("{2150E333-8FDC-42A3-9474-1A3956D46DE8}") = "Documents", "Documents", "{80DE7C67-3A6E-4B3B-8221-CF157742556A}"
	ProjectSection(SolutionItems) = preProject
		README.md = README.md
		STMDotNetScript.sql = STMDotNetScript.sql
	EndProjectSection
EndProject
Project("{9A19103F-16F7-4668-BE54-9A1E7A4F7556}") = "STRMDotNetCore.RestApi", "STRMDotNetCoreRestApi\STRMDotNetCore.RestApi.csproj", "{1C34BC7B-31B4-44DF-B6AD-313E837194CD}"
EndProject
Project("{9A19103F-16F7-4668-BE54-9A1E7A4F7556}") = "STRMDotNetCore.Shared", "STRMDotNetCore.Shared\STRMDotNetCore.Shared.csproj", "{297C39D9-3735-415A-BA60-9C2DA94F4E22}"
EndProject
Project("{9A19103F-16F7-4668-BE54-9A1E7A4F7556}") = "STRMDotNetCore.RestApiWithNLayer", "STRMDotNetCore.RestApiWithNLayer\STRMDotNetCore.RestApiWithNLayer.csproj", "{81E79C3A-75B9-4E32-BD0E-527D9DD45142}"
EndProject
Project("{9A19103F-16F7-4668-BE54-9A1E7A4F7556}") = "STRMDotNetCore.ConsoleAppHttpClient", "STRMDotNetCore.ConsoleAppHttpClient\STRMDotNetCore.ConsoleAppHttpClient.csproj", "{D77B1FB3-FE6A-4667-9CD1-A2CF7F55B5B4}"
EndProject
Project("{9A19103F-16F7-4668-BE54-9A1E7A4F7556}") = "STRMDotNetCore.ConsoleAppHttpClientExamples", "STRMDotNetCore.ConsoleAppHttpClientExamples\STRMDotNetCore.ConsoleAppHttpClientExamples.csproj", "{B76947D4-6844-4E26-BEA7-00202C301052}"
EndProject
Project("{FAE04EC0-301F-11D3-BF4B-00C04F79EFBC}") = "STRMDotNetCore.ConsoleAppRestClientExamples", "STRMDotNetCore.ConsoleAppRestClientExamples\STRMDotNetCore.ConsoleAppRestClientExamples.csproj", "{87DB63CD-231C-4981-8060-12B38CC71A9D}"
EndProject
Global
	GlobalSection(SolutionConfigurationPlatforms) = preSolution
		Debug|Any CPU = Debug|Any CPU
		Release|Any CPU = Release|Any CPU
	EndGlobalSection
	GlobalSection(ProjectConfigurationPlatforms) = postSolution
		{7DCD2E51-DF04-4EF4-A6FD-BB971EF31781}.Debug|Any CPU.ActiveCfg = Debug|Any CPU
		{7DCD2E51-DF04-4EF4-A6FD-BB971EF31781}.Debug|Any CPU.Build.0 = Debug|Any CPU
		{7DCD2E51-DF04-4EF4-A6FD-BB971EF31781}.Release|Any CPU.ActiveCfg = Release|Any CPU
		{7DCD2E51-DF04-4EF4-A6FD-BB971EF31781}.Release|Any CPU.Build.0 = Release|Any CPU
		{1C34BC7B-31B4-44DF-B6AD-313E837194CD}.Debug|Any CPU.ActiveCfg = Debug|Any CPU
		{1C34BC7B-31B4-44DF-B6AD-313E837194CD}.Debug|Any CPU.Build.0 = Debug|Any CPU
		{1C34BC7B-31B4-44DF-B6AD-313E837194CD}.Release|Any CPU.ActiveCfg = Release|Any CPU
		{1C34BC7B-31B4-44DF-B6AD-313E837194CD}.Release|Any CPU.Build.0 = Release|Any CPU
		{297C39D9-3735-415A-BA60-9C2DA94F4E22}.Debug|Any CPU.ActiveCfg = Debug|Any CPU
		{297C39D9-3735-415A-BA60-9C2DA94F4E22}.Debug|Any CPU.Build.0 = Debug|Any CPU
		{297C39D9-3735-415A-BA60-9C2DA94F4E22}.Release|Any CPU.ActiveCfg = Release|Any CPU
		{297C39D9-3735-415A-BA60-9C2DA94F4E22}.Release|Any CPU.Build.0 = Release|Any CPU
		{81E79C3A-75B9-4E32-BD0E-527D9DD45142}.Debug|Any CPU.ActiveCfg = Debug|Any CPU
		{81E79C3A-75B9-4E32-BD0E-527D9DD45142}.Debug|Any CPU.Build.0 = Debug|Any CPU
		{81E79C3A-75B9-4E32-BD0E-527D9DD45142}.Release|Any CPU.ActiveCfg = Release|Any CPU
		{81E79C3A-75B9-4E32-BD0E-527D9DD45142}.Release|Any CPU.Build.0 = Release|Any CPU
		{D77B1FB3-FE6A-4667-9CD1-A2CF7F55B5B4}.Debug|Any CPU.ActiveCfg = Debug|Any CPU
		{D77B1FB3-FE6A-4667-9CD1-A2CF7F55B5B4}.Debug|Any CPU.Build.0 = Debug|Any CPU
		{D77B1FB3-FE6A-4667-9CD1-A2CF7F55B5B4}.Release|Any CPU.ActiveCfg = Release|Any CPU
		{D77B1FB3-FE6A-4667-9CD1-A2CF7F55B5B4}.Release|Any CPU.Build.0 = Release|Any CPU
		{B76947D4-6844-4E26-BEA7-00202C301052}.Debug|Any CPU.ActiveCfg = Debug|Any CPU
		{B76947D4-6844-4E26-BEA7-00202C301052}.Debug|Any CPU.Build.0 = Debug|Any CPU
		{B76947D4-6844-4E26-BEA7-00202C301052}.Release|Any CPU.ActiveCfg = Release|Any CPU
		{B76947D4-6844-4E26-BEA7-00202C301052}.Release|Any CPU.Build.0 = Release|Any CPU
		{87DB63CD-231C-4981-8060-12B38CC71A9D}.Debug|Any CPU.ActiveCfg = Debug|Any CPU
		{87DB63CD-231C-4981-8060-12B38CC71A9D}.Debug|Any CPU.Build.0 = Debug|Any CPU
		{87DB63CD-231C-4981-8060-12B38CC71A9D}.Release|Any CPU.ActiveCfg = Release|Any CPU
		{87DB63CD-231C-4981-8060-12B38CC71A9D}.Release|Any CPU.Build.0 = Release|Any CPU
	EndGlobalSection
	GlobalSection(SolutionProperties) = preSolution
		HideSolutionNode = FALSE
	EndGlobalSection
	GlobalSection(ExtensibilityGlobals) = postSolution
		SolutionGuid = {675C7651-E2E9-43BB-9A58-CE9504921C46}
	EndGlobalSection
EndGlobal
