
Microsoft Visual Studio Solution File, Format Version 12.00
# Visual Studio Version 17
VisualStudioVersion = 17.9.34723.18
MinimumVisualStudioVersion = 10.0.40219.1
Project("{9A19103F-16F7-4668-BE54-9A1E7A4F7556}") = "STRMDotNetCore.ConsoleApp", "STRMDotNetCore.ConsoleApp\STRMDotNetCore.ConsoleApp.csproj", "{7DCD2E51-DF04-4EF4-A6FD-BB971EF31781}"
EndProject
Project("{2150E333-8FDC-42A3-9474-1A3956D46DE8}") = "Documents", "Documents", "{80DE7C67-3A6E-4B3B-8221-CF157742556A}"
	ProjectSection(SolutionItems) = preProject
		README.md = README.md
		STMDotNetScript.sql = STMDotNetScript.sql
	EndProjectSection
EndProject
Project("{FAE04EC0-301F-11D3-BF4B-00C04F79EFBC}") = "STRMDotNetCoreRestApi", "STRMDotNetCoreRestApi\STRMDotNetCoreRestApi.csproj", "{1C34BC7B-31B4-44DF-B6AD-313E837194CD}"
EndProject
Global
	GlobalSection(SolutionConfigurationPlatforms) = preSolution
		Debug|Any CPU = Debug|Any CPU
		Release|Any CPU = Release|Any CPU
	EndGlobalSection
	GlobalSection(ProjectConfigurationPlatforms) = postSolution
		{7DCD2E51-DF04-4EF4-A6FD-BB971EF31781}.Debug|Any CPU.ActiveCfg = Debug|Any CPU
		{7DCD2E51-DF04-4EF4-A6FD-BB971EF31781}.Debug|Any CPU.Build.0 = Debug|Any CPU
		{7DCD2E51-DF04-4EF4-A6FD-BB971EF31781}.Release|Any CPU.ActiveCfg = Release|Any CPU
		{7DCD2E51-DF04-4EF4-A6FD-BB971EF31781}.Release|Any CPU.Build.0 = Release|Any CPU
		{1C34BC7B-31B4-44DF-B6AD-313E837194CD}.Debug|Any CPU.ActiveCfg = Debug|Any CPU
		{1C34BC7B-31B4-44DF-B6AD-313E837194CD}.Debug|Any CPU.Build.0 = Debug|Any CPU
		{1C34BC7B-31B4-44DF-B6AD-313E837194CD}.Release|Any CPU.ActiveCfg = Release|Any CPU
		{1C34BC7B-31B4-44DF-B6AD-313E837194CD}.Release|Any CPU.Build.0 = Release|Any CPU
	EndGlobalSection
	GlobalSection(SolutionProperties) = preSolution
		HideSolutionNode = FALSE
	EndGlobalSection
	GlobalSection(ExtensibilityGlobals) = postSolution
		SolutionGuid = {675C7651-E2E9-43BB-9A58-CE9504921C46}
	EndGlobalSection
EndGlobal
